
Microsoft Visual Studio Solution File, Format Version 12.00
# Visual Studio Version 17
VisualStudioVersion = 17.2.32516.85
MinimumVisualStudioVersion = 10.0.40219.1
Project("{FAE04EC0-301F-11D3-BF4B-00C04F79EFBC}") = "FirstEFModel", "FirstEFModel.csproj", "{21EF0E83-0791-423C-B309-6E07B2A4E4E2}"
EndProject
Global
	GlobalSection(SolutionConfigurationPlatforms) = preSolution
		Debug|Any CPU = Debug|Any CPU
		Release|Any CPU = Release|Any CPU
	EndGlobalSection
	GlobalSection(ProjectConfigurationPlatforms) = postSolution
		{21EF0E83-0791-423C-B309-6E07B2A4E4E2}.Debug|Any CPU.ActiveCfg = Debug|Any CPU
		{21EF0E83-0791-423C-B309-6E07B2A4E4E2}.Debug|Any CPU.Build.0 = Debug|Any CPU
		{21EF0E83-0791-423C-B309-6E07B2A4E4E2}.Release|Any CPU.ActiveCfg = Release|Any CPU
		{21EF0E83-0791-423C-B309-6E07B2A4E4E2}.Release|Any CPU.Build.0 = Release|Any CPU
	EndGlobalSection
	GlobalSection(SolutionProperties) = preSolution
		HideSolutionNode = FALSE
	EndGlobalSection
	GlobalSection(ExtensibilityGlobals) = postSolution
		SolutionGuid = {13757824-FEA0-4D2A-A9E9-527D4819C178}
	EndGlobalSection
EndGlobal
